{
    "122c134f2999c5a90ed98e5398cc30a7518e44a8": "2d8b9c70fb9e80f36620b731718685866c93765c",
    "01d671955e4c5dc317249dac7065a558c55e8388": "3ac7f7786fddf5266a5e62fc7f2d832eb956fd79",
    "ba4ba4817f09f2c90944bcb05b38998093221f21": "65269c05cfcb459aec4e58d69d2a64818b353205",
    "fc196ef5aa5c705fa42e127ca21fdcc2126e8681": "3f49371bd1b253140f8fba0840e7f61328d3bd31",
    "60bb46d70e9cd5137098a7a094e8342d4c2b0354": "d668ca438f15bac69295fd32ad5f24e6a34d79f1"
}