{
    "122c134f2999c5a90ed98e5398cc30a7518e44a8": "2d8b9c70fb9e80f36620b731718685866c93765c",
    "01d671955e4c5dc317249dac7065a558c55e8388": "3ac7f7786fddf5266a5e62fc7f2d832eb956fd79",
    "ba4ba4817f09f2c90944bcb05b38998093221f21": "76800e4fc3285ae0da3ee5cdcb15dd0dffb35e7d",
    "fc196ef5aa5c705fa42e127ca21fdcc2126e8681": "3f49371bd1b253140f8fba0840e7f61328d3bd31",
    "60bb46d70e9cd5137098a7a094e8342d4c2b0354": "d668ca438f15bac69295fd32ad5f24e6a34d79f1",
    "5d891ed74204707f23860a8174d69ddbf701ac33": "f3c31ac4cb89e17bf1103fb8f6b066ce314031d8",
    "d5e6e6a2aa8f5fc5b3e509d9b1bd902f533e44a2": "84c286f3d5716dae4668e1e84b450a165d735c18",
    "98e54a8f39187e7c28f771b1fee1155e919c2f65": "3103ea0919f3cdcc73adcd7f69b6abbaf8cdf48f"
}